
Microsoft Visual Studio Solution File, Format Version 12.00
# Visual Studio Version 17
VisualStudioVersion = 17.1.32328.378
MinimumVisualStudioVersion = 10.0.40219.1
Project("{2150E333-8FDC-42A3-9474-1A3956D46DE8}") = "Services", "Services", "{1E603590-6B9D-468E-9383-909B887F2F8F}"
EndProject
Project("{2150E333-8FDC-42A3-9474-1A3956D46DE8}") = "WebApps", "WebApps", "{B073F838-4AA0-4932-930C-8A314A50196F}"
EndProject
Project("{2150E333-8FDC-42A3-9474-1A3956D46DE8}") = "Catalogo", "Catalogo", "{3FF6CB1C-B1B7-4681-8C9F-A0B0F83EE4EE}"
EndProject
Project("{2150E333-8FDC-42A3-9474-1A3956D46DE8}") = "Cadastros", "Cadastros", "{44089964-11E3-4BF1-82CF-B76E0974B129}"
EndProject
Project("{2150E333-8FDC-42A3-9474-1A3956D46DE8}") = "Core", "Core", "{95A1C00E-BDEB-4819-A566-D853DD5C7FFD}"
EndProject
Project("{2150E333-8FDC-42A3-9474-1A3956D46DE8}") = "Fiscal", "Fiscal", "{C45CE3A0-3909-4C75-9C7D-0091E5444EB3}"
EndProject
Project("{2150E333-8FDC-42A3-9474-1A3956D46DE8}") = "Pagamentos", "Pagamentos", "{AC38E23A-CD43-45F9-9C55-EAF4D8D44F49}"
EndProject
Project("{2150E333-8FDC-42A3-9474-1A3956D46DE8}") = "Vendas", "Vendas", "{9DFB6239-80D8-4BAB-8034-5D92DD72D516}"
EndProject
Project("{9A19103F-16F7-4668-BE54-9A1E7A4F7556}") = "NerdStore.Catalogo.Domain", "src\NerdStore.Catalogo.Domain\NerdStore.Catalogo.Domain.csproj", "{5CBFC86D-48A4-473A-8ECC-B53E3F3106A9}"
EndProject
Project("{9A19103F-16F7-4668-BE54-9A1E7A4F7556}") = "NerdStore.Core", "src\NerdStore.Core\NerdStore.Core.csproj", "{92FA8C0A-81FB-4C8C-BBEC-2E32D0238D86}"
EndProject
Project("{2150E333-8FDC-42A3-9474-1A3956D46DE8}") = "Tests", "Tests", "{2F71EA91-9A4B-4307-9FDA-EB7A322CB937}"
EndProject
Project("{9A19103F-16F7-4668-BE54-9A1E7A4F7556}") = "NerdStore.Catalogo.Domain.Tests", "tests\NerdStore.Catalogo.Domain.Tests\NerdStore.Catalogo.Domain.Tests.csproj", "{83E68B3E-3CCA-491B-8704-96E11351273A}"
EndProject
Project("{FAE04EC0-301F-11D3-BF4B-00C04F79EFBC}") = "NerdStore.Catalogo.Data", "src\NerdStore.Catalogo.Data\NerdStore.Catalogo.Data.csproj", "{287C0AC7-5BDE-4A8D-B172-38F0AC9D7542}"
EndProject
Global
	GlobalSection(SolutionConfigurationPlatforms) = preSolution
		Debug|Any CPU = Debug|Any CPU
		Release|Any CPU = Release|Any CPU
	EndGlobalSection
	GlobalSection(ProjectConfigurationPlatforms) = postSolution
		{5CBFC86D-48A4-473A-8ECC-B53E3F3106A9}.Debug|Any CPU.ActiveCfg = Debug|Any CPU
		{5CBFC86D-48A4-473A-8ECC-B53E3F3106A9}.Debug|Any CPU.Build.0 = Debug|Any CPU
		{5CBFC86D-48A4-473A-8ECC-B53E3F3106A9}.Release|Any CPU.ActiveCfg = Release|Any CPU
		{5CBFC86D-48A4-473A-8ECC-B53E3F3106A9}.Release|Any CPU.Build.0 = Release|Any CPU
		{92FA8C0A-81FB-4C8C-BBEC-2E32D0238D86}.Debug|Any CPU.ActiveCfg = Debug|Any CPU
		{92FA8C0A-81FB-4C8C-BBEC-2E32D0238D86}.Debug|Any CPU.Build.0 = Debug|Any CPU
		{92FA8C0A-81FB-4C8C-BBEC-2E32D0238D86}.Release|Any CPU.ActiveCfg = Release|Any CPU
		{92FA8C0A-81FB-4C8C-BBEC-2E32D0238D86}.Release|Any CPU.Build.0 = Release|Any CPU
		{83E68B3E-3CCA-491B-8704-96E11351273A}.Debug|Any CPU.ActiveCfg = Debug|Any CPU
		{83E68B3E-3CCA-491B-8704-96E11351273A}.Debug|Any CPU.Build.0 = Debug|Any CPU
		{83E68B3E-3CCA-491B-8704-96E11351273A}.Release|Any CPU.ActiveCfg = Release|Any CPU
		{83E68B3E-3CCA-491B-8704-96E11351273A}.Release|Any CPU.Build.0 = Release|Any CPU
		{287C0AC7-5BDE-4A8D-B172-38F0AC9D7542}.Debug|Any CPU.ActiveCfg = Debug|Any CPU
		{287C0AC7-5BDE-4A8D-B172-38F0AC9D7542}.Debug|Any CPU.Build.0 = Debug|Any CPU
		{287C0AC7-5BDE-4A8D-B172-38F0AC9D7542}.Release|Any CPU.ActiveCfg = Release|Any CPU
		{287C0AC7-5BDE-4A8D-B172-38F0AC9D7542}.Release|Any CPU.Build.0 = Release|Any CPU
	EndGlobalSection
	GlobalSection(SolutionProperties) = preSolution
		HideSolutionNode = FALSE
	EndGlobalSection
	GlobalSection(NestedProjects) = preSolution
		{3FF6CB1C-B1B7-4681-8C9F-A0B0F83EE4EE} = {1E603590-6B9D-468E-9383-909B887F2F8F}
		{44089964-11E3-4BF1-82CF-B76E0974B129} = {1E603590-6B9D-468E-9383-909B887F2F8F}
		{95A1C00E-BDEB-4819-A566-D853DD5C7FFD} = {1E603590-6B9D-468E-9383-909B887F2F8F}
		{C45CE3A0-3909-4C75-9C7D-0091E5444EB3} = {1E603590-6B9D-468E-9383-909B887F2F8F}
		{AC38E23A-CD43-45F9-9C55-EAF4D8D44F49} = {1E603590-6B9D-468E-9383-909B887F2F8F}
		{9DFB6239-80D8-4BAB-8034-5D92DD72D516} = {1E603590-6B9D-468E-9383-909B887F2F8F}
		{5CBFC86D-48A4-473A-8ECC-B53E3F3106A9} = {3FF6CB1C-B1B7-4681-8C9F-A0B0F83EE4EE}
		{92FA8C0A-81FB-4C8C-BBEC-2E32D0238D86} = {95A1C00E-BDEB-4819-A566-D853DD5C7FFD}
		{2F71EA91-9A4B-4307-9FDA-EB7A322CB937} = {3FF6CB1C-B1B7-4681-8C9F-A0B0F83EE4EE}
		{83E68B3E-3CCA-491B-8704-96E11351273A} = {2F71EA91-9A4B-4307-9FDA-EB7A322CB937}
		{287C0AC7-5BDE-4A8D-B172-38F0AC9D7542} = {3FF6CB1C-B1B7-4681-8C9F-A0B0F83EE4EE}
	EndGlobalSection
	GlobalSection(ExtensibilityGlobals) = postSolution
		SolutionGuid = {94C4B29D-61F7-442E-92B1-51A6EAB20197}
	EndGlobalSection
EndGlobal
